
Microsoft Visual Studio Solution File, Format Version 12.00
# Visual Studio Version 16
VisualStudioVersion = 16.0.30523.141
MinimumVisualStudioVersion = 10.0.40219.1
Project("{FAE04EC0-301F-11D3-BF4B-00C04F79EFBC}") = "Daily Productivity Application", "Daily Productivity Application\Daily Productivity Application.csproj", "{86A6928B-263F-433E-B5DB-723AC981C669}"
EndProject
Global
	GlobalSection(SolutionConfigurationPlatforms) = preSolution
		Debug|Any CPU = Debug|Any CPU
		Release|Any CPU = Release|Any CPU
	EndGlobalSection
	GlobalSection(ProjectConfigurationPlatforms) = postSolution
		{86A6928B-263F-433E-B5DB-723AC981C669}.Debug|Any CPU.ActiveCfg = Debug|Any CPU
		{86A6928B-263F-433E-B5DB-723AC981C669}.Debug|Any CPU.Build.0 = Debug|Any CPU
		{86A6928B-263F-433E-B5DB-723AC981C669}.Release|Any CPU.ActiveCfg = Release|Any CPU
		{86A6928B-263F-433E-B5DB-723AC981C669}.Release|Any CPU.Build.0 = Release|Any CPU
	EndGlobalSection
	GlobalSection(SolutionProperties) = preSolution
		HideSolutionNode = FALSE
	EndGlobalSection
	GlobalSection(ExtensibilityGlobals) = postSolution
		SolutionGuid = {AF2FF4AB-35A6-4D39-8845-DC4AB4FF4A32}
	EndGlobalSection
EndGlobal
